// !$*UTF8*$!
{
	archiveVersion = 1;
	classes = {
	};
	objectVersion = 51;
	objects = {

/* Begin PBXBuildFile section */
		53E5B203422F6F564EABFD38 /* Pods_StockTutorial.framework in Frameworks */ = {isa = PBXBuildFile; fileRef = D76DE61235FFF65D2C0B88B4 /* Pods_StockTutorial.framework */; };
		DED70BBF26B06595005749F1 /* AppDelegate.swift in Sources */ = {isa = PBXBuildFile; fileRef = DED70BBE26B06595005749F1 /* AppDelegate.swift */; };
		DED70BC126B06595005749F1 /* SceneDelegate.swift in Sources */ = {isa = PBXBuildFile; fileRef = DED70BC026B06595005749F1 /* SceneDelegate.swift */; };
		DED70BC826B0659A005749F1 /* Assets.xcassets in Resources */ = {isa = PBXBuildFile; fileRef = DED70BC726B0659A005749F1 /* Assets.xcassets */; };
		DED70BCB26B0659A005749F1 /* LaunchScreen.storyboard in Resources */ = {isa = PBXBuildFile; fileRef = DED70BC926B0659A005749F1 /* LaunchScreen.storyboard */; };
		DED70BDB26B067BB005749F1 /* BaseViewController.swift in Sources */ = {isa = PBXBuildFile; fileRef = DED70BDA26B067BB005749F1 /* BaseViewController.swift */; };
		DED70BDD26B0682A005749F1 /* StockListController.swift in Sources */ = {isa = PBXBuildFile; fileRef = DED70BDC26B0682A005749F1 /* StockListController.swift */; };
		DED70BDF26B06874005749F1 /* BaseView.swift in Sources */ = {isa = PBXBuildFile; fileRef = DED70BDE26B06874005749F1 /* BaseView.swift */; };
		DED70BE226B068CA005749F1 /* StockListView.swift in Sources */ = {isa = PBXBuildFile; fileRef = DED70BE126B068CA005749F1 /* StockListView.swift */; };
		DED70BE426B06A86005749F1 /* Coordinator.swift in Sources */ = {isa = PBXBuildFile; fileRef = DED70BE326B06A86005749F1 /* Coordinator.swift */; };
		DED70BE626B06B09005749F1 /* CompositionRoot.swift in Sources */ = {isa = PBXBuildFile; fileRef = DED70BE526B06B09005749F1 /* CompositionRoot.swift */; };
		DED70BE826B06E3E005749F1 /* MainCoordinator.swift in Sources */ = {isa = PBXBuildFile; fileRef = DED70BE726B06E3E005749F1 /* MainCoordinator.swift */; };
		DED70BEA26B070FC005749F1 /* StockRepository.swift in Sources */ = {isa = PBXBuildFile; fileRef = DED70BE926B070FC005749F1 /* StockRepository.swift */; };
		DED70BEC26B0711F005749F1 /* StockRepositoryImpl.swift in Sources */ = {isa = PBXBuildFile; fileRef = DED70BEB26B0711F005749F1 /* StockRepositoryImpl.swift */; };
		DED70BEE26B11258005749F1 /* Stock.swift in Sources */ = {isa = PBXBuildFile; fileRef = DED70BED26B11258005749F1 /* Stock.swift */; };
		DED70BF026B115AC005749F1 /* StockUseCase.swift in Sources */ = {isa = PBXBuildFile; fileRef = DED70BEF26B115AC005749F1 /* StockUseCase.swift */; };
		DED70BF326B11673005749F1 /* StockListViewModel.swift in Sources */ = {isa = PBXBuildFile; fileRef = DED70BF226B11673005749F1 /* StockListViewModel.swift */; };
		DED70BF526B1B8A8005749F1 /* LoadingView.swift in Sources */ = {isa = PBXBuildFile; fileRef = DED70BF426B1B8A8005749F1 /* LoadingView.swift */; };
		DED70BF726B1BA1F005749F1 /* Font.swift in Sources */ = {isa = PBXBuildFile; fileRef = DED70BF626B1BA1F005749F1 /* Font.swift */; };
		DED70BF926B1BAD5005749F1 /* StockCell.swift in Sources */ = {isa = PBXBuildFile; fileRef = DED70BF826B1BAD5005749F1 /* StockCell.swift */; };
		DED70BFB26B1BD26005749F1 /* StockList+TableView.swift in Sources */ = {isa = PBXBuildFile; fileRef = DED70BFA26B1BD26005749F1 /* StockList+TableView.swift */; };
		DED70BFD26B3D313005749F1 /* EmptyView.swift in Sources */ = {isa = PBXBuildFile; fileRef = DED70BFC26B3D313005749F1 /* EmptyView.swift */; };
		DED70BFF26B3D80C005749F1 /* StockDetailController.swift in Sources */ = {isa = PBXBuildFile; fileRef = DED70BFE26B3D80C005749F1 /* StockDetailController.swift */; };
		DED70C0126B3DFF4005749F1 /* StockDetailView.swift in Sources */ = {isa = PBXBuildFile; fileRef = DED70C0026B3DFF4005749F1 /* StockDetailView.swift */; };
		DED70C0326B3E9B0005749F1 /* StockDetailBottomView.swift in Sources */ = {isa = PBXBuildFile; fileRef = DED70C0226B3E9B0005749F1 /* StockDetailBottomView.swift */; };
		DED70C0526B3E9D6005749F1 /* StockDetailTopView.swift in Sources */ = {isa = PBXBuildFile; fileRef = DED70C0426B3E9D6005749F1 /* StockDetailTopView.swift */; };
		DED70C0726B44A22005749F1 /* TimeSeriesMonthlyAdjusted.swift in Sources */ = {isa = PBXBuildFile; fileRef = DED70C0626B44A22005749F1 /* TimeSeriesMonthlyAdjusted.swift */; };
/* End PBXBuildFile section */

/* Begin PBXFileReference section */
		689B70F496DA39B26F7120B8 /* Pods-StockTutorial.release.xcconfig */ = {isa = PBXFileReference; includeInIndex = 1; lastKnownFileType = text.xcconfig; name = "Pods-StockTutorial.release.xcconfig"; path = "Target Support Files/Pods-StockTutorial/Pods-StockTutorial.release.xcconfig"; sourceTree = "<group>"; };
		7A2EB34E4B859134EF8D8B75 /* Pods-StockTutorial.debug.xcconfig */ = {isa = PBXFileReference; includeInIndex = 1; lastKnownFileType = text.xcconfig; name = "Pods-StockTutorial.debug.xcconfig"; path = "Target Support Files/Pods-StockTutorial/Pods-StockTutorial.debug.xcconfig"; sourceTree = "<group>"; };
		D76DE61235FFF65D2C0B88B4 /* Pods_StockTutorial.framework */ = {isa = PBXFileReference; explicitFileType = wrapper.framework; includeInIndex = 0; path = Pods_StockTutorial.framework; sourceTree = BUILT_PRODUCTS_DIR; };
		DED70BBB26B06595005749F1 /* StockTutorial.app */ = {isa = PBXFileReference; explicitFileType = wrapper.application; includeInIndex = 0; path = StockTutorial.app; sourceTree = BUILT_PRODUCTS_DIR; };
		DED70BBE26B06595005749F1 /* AppDelegate.swift */ = {isa = PBXFileReference; lastKnownFileType = sourcecode.swift; path = AppDelegate.swift; sourceTree = "<group>"; };
		DED70BC026B06595005749F1 /* SceneDelegate.swift */ = {isa = PBXFileReference; lastKnownFileType = sourcecode.swift; path = SceneDelegate.swift; sourceTree = "<group>"; };
		DED70BC726B0659A005749F1 /* Assets.xcassets */ = {isa = PBXFileReference; lastKnownFileType = folder.assetcatalog; path = Assets.xcassets; sourceTree = "<group>"; };
		DED70BCA26B0659A005749F1 /* Base */ = {isa = PBXFileReference; lastKnownFileType = file.storyboard; name = Base; path = Base.lproj/LaunchScreen.storyboard; sourceTree = "<group>"; };
		DED70BCC26B0659A005749F1 /* Info.plist */ = {isa = PBXFileReference; lastKnownFileType = text.plist.xml; path = Info.plist; sourceTree = "<group>"; };
		DED70BDA26B067BB005749F1 /* BaseViewController.swift */ = {isa = PBXFileReference; lastKnownFileType = sourcecode.swift; path = BaseViewController.swift; sourceTree = "<group>"; };
		DED70BDC26B0682A005749F1 /* StockListController.swift */ = {isa = PBXFileReference; lastKnownFileType = sourcecode.swift; path = StockListController.swift; sourceTree = "<group>"; };
		DED70BDE26B06874005749F1 /* BaseView.swift */ = {isa = PBXFileReference; lastKnownFileType = sourcecode.swift; path = BaseView.swift; sourceTree = "<group>"; };
		DED70BE126B068CA005749F1 /* StockListView.swift */ = {isa = PBXFileReference; lastKnownFileType = sourcecode.swift; path = StockListView.swift; sourceTree = "<group>"; };
		DED70BE326B06A86005749F1 /* Coordinator.swift */ = {isa = PBXFileReference; lastKnownFileType = sourcecode.swift; path = Coordinator.swift; sourceTree = "<group>"; };
		DED70BE526B06B09005749F1 /* CompositionRoot.swift */ = {isa = PBXFileReference; lastKnownFileType = sourcecode.swift; path = CompositionRoot.swift; sourceTree = "<group>"; };
		DED70BE726B06E3E005749F1 /* MainCoordinator.swift */ = {isa = PBXFileReference; lastKnownFileType = sourcecode.swift; path = MainCoordinator.swift; sourceTree = "<group>"; };
		DED70BE926B070FC005749F1 /* StockRepository.swift */ = {isa = PBXFileReference; lastKnownFileType = sourcecode.swift; path = StockRepository.swift; sourceTree = "<group>"; };
		DED70BEB26B0711F005749F1 /* StockRepositoryImpl.swift */ = {isa = PBXFileReference; lastKnownFileType = sourcecode.swift; path = StockRepositoryImpl.swift; sourceTree = "<group>"; };
		DED70BED26B11258005749F1 /* Stock.swift */ = {isa = PBXFileReference; lastKnownFileType = sourcecode.swift; path = Stock.swift; sourceTree = "<group>"; };
		DED70BEF26B115AC005749F1 /* StockUseCase.swift */ = {isa = PBXFileReference; lastKnownFileType = sourcecode.swift; path = StockUseCase.swift; sourceTree = "<group>"; };
		DED70BF226B11673005749F1 /* StockListViewModel.swift */ = {isa = PBXFileReference; lastKnownFileType = sourcecode.swift; path = StockListViewModel.swift; sourceTree = "<group>"; };
		DED70BF426B1B8A8005749F1 /* LoadingView.swift */ = {isa = PBXFileReference; lastKnownFileType = sourcecode.swift; path = LoadingView.swift; sourceTree = "<group>"; };
		DED70BF626B1BA1F005749F1 /* Font.swift */ = {isa = PBXFileReference; lastKnownFileType = sourcecode.swift; path = Font.swift; sourceTree = "<group>"; };
		DED70BF826B1BAD5005749F1 /* StockCell.swift */ = {isa = PBXFileReference; lastKnownFileType = sourcecode.swift; path = StockCell.swift; sourceTree = "<group>"; };
		DED70BFA26B1BD26005749F1 /* StockList+TableView.swift */ = {isa = PBXFileReference; lastKnownFileType = sourcecode.swift; path = "StockList+TableView.swift"; sourceTree = "<group>"; };
		DED70BFC26B3D313005749F1 /* EmptyView.swift */ = {isa = PBXFileReference; lastKnownFileType = sourcecode.swift; path = EmptyView.swift; sourceTree = "<group>"; };
		DED70BFE26B3D80C005749F1 /* StockDetailController.swift */ = {isa = PBXFileReference; lastKnownFileType = sourcecode.swift; path = StockDetailController.swift; sourceTree = "<group>"; };
		DED70C0026B3DFF4005749F1 /* StockDetailView.swift */ = {isa = PBXFileReference; lastKnownFileType = sourcecode.swift; path = StockDetailView.swift; sourceTree = "<group>"; };
		DED70C0226B3E9B0005749F1 /* StockDetailBottomView.swift */ = {isa = PBXFileReference; lastKnownFileType = sourcecode.swift; path = StockDetailBottomView.swift; sourceTree = "<group>"; };
		DED70C0426B3E9D6005749F1 /* StockDetailTopView.swift */ = {isa = PBXFileReference; lastKnownFileType = sourcecode.swift; path = StockDetailTopView.swift; sourceTree = "<group>"; };
		DED70C0626B44A22005749F1 /* TimeSeriesMonthlyAdjusted.swift */ = {isa = PBXFileReference; lastKnownFileType = sourcecode.swift; path = TimeSeriesMonthlyAdjusted.swift; sourceTree = "<group>"; };
/* End PBXFileReference section */

/* Begin PBXFrameworksBuildPhase section */
		DED70BB826B06595005749F1 /* Frameworks */ = {
			isa = PBXFrameworksBuildPhase;
			buildActionMask = 2147483647;
			files = (
				53E5B203422F6F564EABFD38 /* Pods_StockTutorial.framework in Frameworks */,
			);
			runOnlyForDeploymentPostprocessing = 0;
		};
/* End PBXFrameworksBuildPhase section */

/* Begin PBXGroup section */
		1B72AB5C3C77AEBA4EE82232 /* Frameworks */ = {
			isa = PBXGroup;
			children = (
				D76DE61235FFF65D2C0B88B4 /* Pods_StockTutorial.framework */,
			);
			name = Frameworks;
			sourceTree = "<group>";
		};
		C7B2C68FFF0F9C1A3AB9EC62 /* Pods */ = {
			isa = PBXGroup;
			children = (
				7A2EB34E4B859134EF8D8B75 /* Pods-StockTutorial.debug.xcconfig */,
				689B70F496DA39B26F7120B8 /* Pods-StockTutorial.release.xcconfig */,
			);
			path = Pods;
			sourceTree = "<group>";
		};
		DED70BB226B06595005749F1 = {
			isa = PBXGroup;
			children = (
				DED70BBD26B06595005749F1 /* StockTutorial */,
				DED70BBC26B06595005749F1 /* Products */,
				C7B2C68FFF0F9C1A3AB9EC62 /* Pods */,
				1B72AB5C3C77AEBA4EE82232 /* Frameworks */,
			);
			sourceTree = "<group>";
		};
		DED70BBC26B06595005749F1 /* Products */ = {
			isa = PBXGroup;
			children = (
				DED70BBB26B06595005749F1 /* StockTutorial.app */,
			);
			name = Products;
			sourceTree = "<group>";
		};
		DED70BBD26B06595005749F1 /* StockTutorial */ = {
			isa = PBXGroup;
			children = (
				DED70BD926B06792005749F1 /* Domain */,
				DED70BD826B06789005749F1 /* Repository */,
				DED70BD726B06783005749F1 /* Model */,
				DED70BD626B0677C005749F1 /* Component */,
				DED70BD526B0677A005749F1 /* View */,
				DED70BD426B06775005749F1 /* Controller */,
				DED70BF126B1163F005749F1 /* ViewModel */,
				DED70BD326B0676F005749F1 /* Coordinator */,
				DED70BD226B0676A005749F1 /* DI */,
				DED70BBE26B06595005749F1 /* AppDelegate.swift */,
				DED70BC026B06595005749F1 /* SceneDelegate.swift */,
				DED70BC726B0659A005749F1 /* Assets.xcassets */,
				DED70BC926B0659A005749F1 /* LaunchScreen.storyboard */,
				DED70BCC26B0659A005749F1 /* Info.plist */,
			);
			path = StockTutorial;
			sourceTree = "<group>";
		};
		DED70BD226B0676A005749F1 /* DI */ = {
			isa = PBXGroup;
			children = (
				DED70BE526B06B09005749F1 /* CompositionRoot.swift */,
			);
			path = DI;
			sourceTree = "<group>";
		};
		DED70BD326B0676F005749F1 /* Coordinator */ = {
			isa = PBXGroup;
			children = (
				DED70BE326B06A86005749F1 /* Coordinator.swift */,
				DED70BE726B06E3E005749F1 /* MainCoordinator.swift */,
			);
			path = Coordinator;
			sourceTree = "<group>";
		};
		DED70BD426B06775005749F1 /* Controller */ = {
			isa = PBXGroup;
			children = (
				DED70BDA26B067BB005749F1 /* BaseViewController.swift */,
				DED70BDC26B0682A005749F1 /* StockListController.swift */,
				DED70BFA26B1BD26005749F1 /* StockList+TableView.swift */,
				DED70BFE26B3D80C005749F1 /* StockDetailController.swift */,
			);
			path = Controller;
			sourceTree = "<group>";
		};
		DED70BD526B0677A005749F1 /* View */ = {
			isa = PBXGroup;
			children = (
				DED70BDE26B06874005749F1 /* BaseView.swift */,
				DED70BE126B068CA005749F1 /* StockListView.swift */,
				DED70BFC26B3D313005749F1 /* EmptyView.swift */,
				DED70C0026B3DFF4005749F1 /* StockDetailView.swift */,
				DED70C0426B3E9D6005749F1 /* StockDetailTopView.swift */,
				DED70C0226B3E9B0005749F1 /* StockDetailBottomView.swift */,
			);
			path = View;
			sourceTree = "<group>";
		};
		DED70BD626B0677C005749F1 /* Component */ = {
			isa = PBXGroup;
			children = (
				DED70BF426B1B8A8005749F1 /* LoadingView.swift */,
				DED70BF626B1BA1F005749F1 /* Font.swift */,
				DED70BF826B1BAD5005749F1 /* StockCell.swift */,
			);
			path = Component;
			sourceTree = "<group>";
		};
		DED70BD726B06783005749F1 /* Model */ = {
			isa = PBXGroup;
			children = (
				DED70BED26B11258005749F1 /* Stock.swift */,
				DED70C0626B44A22005749F1 /* TimeSeriesMonthlyAdjusted.swift */,
			);
			path = Model;
			sourceTree = "<group>";
		};
		DED70BD826B06789005749F1 /* Repository */ = {
			isa = PBXGroup;
			children = (
				DED70BE926B070FC005749F1 /* StockRepository.swift */,
				DED70BEB26B0711F005749F1 /* StockRepositoryImpl.swift */,
			);
			path = Repository;
			sourceTree = "<group>";
		};
		DED70BD926B06792005749F1 /* Domain */ = {
			isa = PBXGroup;
			children = (
				DED70BEF26B115AC005749F1 /* StockUseCase.swift */,
			);
			path = Domain;
			sourceTree = "<group>";
		};
		DED70BF126B1163F005749F1 /* ViewModel */ = {
			isa = PBXGroup;
			children = (
				DED70BF226B11673005749F1 /* StockListViewModel.swift */,
			);
			path = ViewModel;
			sourceTree = "<group>";
		};
/* End PBXGroup section */

/* Begin PBXNativeTarget section */
		DED70BBA26B06595005749F1 /* StockTutorial */ = {
			isa = PBXNativeTarget;
			buildConfigurationList = DED70BCF26B0659A005749F1 /* Build configuration list for PBXNativeTarget "StockTutorial" */;
			buildPhases = (
				A11412888D66FE7E86FF79E5 /* [CP] Check Pods Manifest.lock */,
				DED70BB726B06595005749F1 /* Sources */,
				DED70BB826B06595005749F1 /* Frameworks */,
				DED70BB926B06595005749F1 /* Resources */,
				3C2A137A4B08C96B0E7345AC /* [CP] Embed Pods Frameworks */,
			);
			buildRules = (
			);
			dependencies = (
			);
			name = StockTutorial;
			productName = StockTutorial;
			productReference = DED70BBB26B06595005749F1 /* StockTutorial.app */;
			productType = "com.apple.product-type.application";
		};
/* End PBXNativeTarget section */

/* Begin PBXProject section */
		DED70BB326B06595005749F1 /* Project object */ = {
			isa = PBXProject;
			attributes = {
				LastSwiftUpdateCheck = 1250;
				LastUpgradeCheck = 1250;
				TargetAttributes = {
					DED70BBA26B06595005749F1 = {
						CreatedOnToolsVersion = 12.5.1;
					};
				};
			};
			buildConfigurationList = DED70BB626B06595005749F1 /* Build configuration list for PBXProject "StockTutorial" */;
			compatibilityVersion = "Xcode 9.3";
			developmentRegion = en;
			hasScannedForEncodings = 0;
			knownRegions = (
				en,
				Base,
			);
			mainGroup = DED70BB226B06595005749F1;
			productRefGroup = DED70BBC26B06595005749F1 /* Products */;
			projectDirPath = "";
			projectRoot = "";
			targets = (
				DED70BBA26B06595005749F1 /* StockTutorial */,
			);
		};
/* End PBXProject section */

/* Begin PBXResourcesBuildPhase section */
		DED70BB926B06595005749F1 /* Resources */ = {
			isa = PBXResourcesBuildPhase;
			buildActionMask = 2147483647;
			files = (
				DED70BCB26B0659A005749F1 /* LaunchScreen.storyboard in Resources */,
				DED70BC826B0659A005749F1 /* Assets.xcassets in Resources */,
			);
			runOnlyForDeploymentPostprocessing = 0;
		};
/* End PBXResourcesBuildPhase section */

/* Begin PBXShellScriptBuildPhase section */
		3C2A137A4B08C96B0E7345AC /* [CP] Embed Pods Frameworks */ = {
			isa = PBXShellScriptBuildPhase;
			buildActionMask = 2147483647;
			files = (
			);
			inputFileListPaths = (
				"${PODS_ROOT}/Target Support Files/Pods-StockTutorial/Pods-StockTutorial-frameworks-${CONFIGURATION}-input-files.xcfilelist",
			);
			name = "[CP] Embed Pods Frameworks";
			outputFileListPaths = (
				"${PODS_ROOT}/Target Support Files/Pods-StockTutorial/Pods-StockTutorial-frameworks-${CONFIGURATION}-output-files.xcfilelist",
			);
			runOnlyForDeploymentPostprocessing = 0;
			shellPath = /bin/sh;
			shellScript = "\"${PODS_ROOT}/Target Support Files/Pods-StockTutorial/Pods-StockTutorial-frameworks.sh\"\n";
			showEnvVarsInLog = 0;
		};
		A11412888D66FE7E86FF79E5 /* [CP] Check Pods Manifest.lock */ = {
			isa = PBXShellScriptBuildPhase;
			buildActionMask = 2147483647;
			files = (
			);
			inputFileListPaths = (
			);
			inputPaths = (
				"${PODS_PODFILE_DIR_PATH}/Podfile.lock",
				"${PODS_ROOT}/Manifest.lock",
			);
			name = "[CP] Check Pods Manifest.lock";
			outputFileListPaths = (
			);
			outputPaths = (
				"$(DERIVED_FILE_DIR)/Pods-StockTutorial-checkManifestLockResult.txt",
			);
			runOnlyForDeploymentPostprocessing = 0;
			shellPath = /bin/sh;
			shellScript = "diff \"${PODS_PODFILE_DIR_PATH}/Podfile.lock\" \"${PODS_ROOT}/Manifest.lock\" > /dev/null\nif [ $? != 0 ] ; then\n    # print error to STDERR\n    echo \"error: The sandbox is not in sync with the Podfile.lock. Run 'pod install' or update your CocoaPods installation.\" >&2\n    exit 1\nfi\n# This output is used by Xcode 'outputs' to avoid re-running this script phase.\necho \"SUCCESS\" > \"${SCRIPT_OUTPUT_FILE_0}\"\n";
			showEnvVarsInLog = 0;
		};
/* End PBXShellScriptBuildPhase section */

/* Begin PBXSourcesBuildPhase section */
		DED70BB726B06595005749F1 /* Sources */ = {
			isa = PBXSourcesBuildPhase;
			buildActionMask = 2147483647;
			files = (
				DED70BE626B06B09005749F1 /* CompositionRoot.swift in Sources */,
				DED70C0326B3E9B0005749F1 /* StockDetailBottomView.swift in Sources */,
				DED70BF326B11673005749F1 /* StockListViewModel.swift in Sources */,
				DED70BDD26B0682A005749F1 /* StockListController.swift in Sources */,
				DED70BEE26B11258005749F1 /* Stock.swift in Sources */,
				DED70BF926B1BAD5005749F1 /* StockCell.swift in Sources */,
				DED70BFF26B3D80C005749F1 /* StockDetailController.swift in Sources */,
				DED70BFD26B3D313005749F1 /* EmptyView.swift in Sources */,
				DED70C0526B3E9D6005749F1 /* StockDetailTopView.swift in Sources */,
				DED70C0126B3DFF4005749F1 /* StockDetailView.swift in Sources */,
				DED70BBF26B06595005749F1 /* AppDelegate.swift in Sources */,
				DED70C0726B44A22005749F1 /* TimeSeriesMonthlyAdjusted.swift in Sources */,
				DED70BDF26B06874005749F1 /* BaseView.swift in Sources */,
				DED70BEA26B070FC005749F1 /* StockRepository.swift in Sources */,
				DED70BEC26B0711F005749F1 /* StockRepositoryImpl.swift in Sources */,
				DED70BF526B1B8A8005749F1 /* LoadingView.swift in Sources */,
				DED70BFB26B1BD26005749F1 /* StockList+TableView.swift in Sources */,
				DED70BE226B068CA005749F1 /* StockListView.swift in Sources */,
				DED70BC126B06595005749F1 /* SceneDelegate.swift in Sources */,
				DED70BDB26B067BB005749F1 /* BaseViewController.swift in Sources */,
				DED70BF726B1BA1F005749F1 /* Font.swift in Sources */,
				DED70BE826B06E3E005749F1 /* MainCoordinator.swift in Sources */,
				DED70BF026B115AC005749F1 /* StockUseCase.swift in Sources */,
				DED70BE426B06A86005749F1 /* Coordinator.swift in Sources */,
			);
			runOnlyForDeploymentPostprocessing = 0;
		};
/* End PBXSourcesBuildPhase section */

/* Begin PBXVariantGroup section */
		DED70BC926B0659A005749F1 /* LaunchScreen.storyboard */ = {
			isa = PBXVariantGroup;
			children = (
				DED70BCA26B0659A005749F1 /* Base */,
			);
			name = LaunchScreen.storyboard;
			sourceTree = "<group>";
		};
/* End PBXVariantGroup section */

/* Begin XCBuildConfiguration section */
		DED70BCD26B0659A005749F1 /* Debug */ = {
			isa = XCBuildConfiguration;
			buildSettings = {
				ALWAYS_SEARCH_USER_PATHS = NO;
				CLANG_ANALYZER_NONNULL = YES;
				CLANG_ANALYZER_NUMBER_OBJECT_CONVERSION = YES_AGGRESSIVE;
				CLANG_CXX_LANGUAGE_STANDARD = "gnu++14";
				CLANG_CXX_LIBRARY = "libc++";
				CLANG_ENABLE_MODULES = YES;
				CLANG_ENABLE_OBJC_ARC = YES;
				CLANG_ENABLE_OBJC_WEAK = YES;
				CLANG_WARN_BLOCK_CAPTURE_AUTORELEASING = YES;
				CLANG_WARN_BOOL_CONVERSION = YES;
				CLANG_WARN_COMMA = YES;
				CLANG_WARN_CONSTANT_CONVERSION = YES;
				CLANG_WARN_DEPRECATED_OBJC_IMPLEMENTATIONS = YES;
				CLANG_WARN_DIRECT_OBJC_ISA_USAGE = YES_ERROR;
				CLANG_WARN_DOCUMENTATION_COMMENTS = YES;
				CLANG_WARN_EMPTY_BODY = YES;
				CLANG_WARN_ENUM_CONVERSION = YES;
				CLANG_WARN_INFINITE_RECURSION = YES;
				CLANG_WARN_INT_CONVERSION = YES;
				CLANG_WARN_NON_LITERAL_NULL_CONVERSION = YES;
				CLANG_WARN_OBJC_IMPLICIT_RETAIN_SELF = YES;
				CLANG_WARN_OBJC_LITERAL_CONVERSION = YES;
				CLANG_WARN_OBJC_ROOT_CLASS = YES_ERROR;
				CLANG_WARN_QUOTED_INCLUDE_IN_FRAMEWORK_HEADER = YES;
				CLANG_WARN_RANGE_LOOP_ANALYSIS = YES;
				CLANG_WARN_STRICT_PROTOTYPES = YES;
				CLANG_WARN_SUSPICIOUS_MOVE = YES;
				CLANG_WARN_UNGUARDED_AVAILABILITY = YES_AGGRESSIVE;
				CLANG_WARN_UNREACHABLE_CODE = YES;
				CLANG_WARN__DUPLICATE_METHOD_MATCH = YES;
				COPY_PHASE_STRIP = NO;
				DEBUG_INFORMATION_FORMAT = dwarf;
				ENABLE_STRICT_OBJC_MSGSEND = YES;
				ENABLE_TESTABILITY = YES;
				GCC_C_LANGUAGE_STANDARD = gnu11;
				GCC_DYNAMIC_NO_PIC = NO;
				GCC_NO_COMMON_BLOCKS = YES;
				GCC_OPTIMIZATION_LEVEL = 0;
				GCC_PREPROCESSOR_DEFINITIONS = (
					"DEBUG=1",
					"$(inherited)",
				);
				GCC_WARN_64_TO_32_BIT_CONVERSION = YES;
				GCC_WARN_ABOUT_RETURN_TYPE = YES_ERROR;
				GCC_WARN_UNDECLARED_SELECTOR = YES;
				GCC_WARN_UNINITIALIZED_AUTOS = YES_AGGRESSIVE;
				GCC_WARN_UNUSED_FUNCTION = YES;
				GCC_WARN_UNUSED_VARIABLE = YES;
				IPHONEOS_DEPLOYMENT_TARGET = 14.5;
				MTL_ENABLE_DEBUG_INFO = INCLUDE_SOURCE;
				MTL_FAST_MATH = YES;
				ONLY_ACTIVE_ARCH = YES;
				SDKROOT = iphoneos;
				SWIFT_ACTIVE_COMPILATION_CONDITIONS = DEBUG;
				SWIFT_OPTIMIZATION_LEVEL = "-Onone";
			};
			name = Debug;
		};
		DED70BCE26B0659A005749F1 /* Release */ = {
			isa = XCBuildConfiguration;
			buildSettings = {
				ALWAYS_SEARCH_USER_PATHS = NO;
				CLANG_ANALYZER_NONNULL = YES;
				CLANG_ANALYZER_NUMBER_OBJECT_CONVERSION = YES_AGGRESSIVE;
				CLANG_CXX_LANGUAGE_STANDARD = "gnu++14";
				CLANG_CXX_LIBRARY = "libc++";
				CLANG_ENABLE_MODULES = YES;
				CLANG_ENABLE_OBJC_ARC = YES;
				CLANG_ENABLE_OBJC_WEAK = YES;
				CLANG_WARN_BLOCK_CAPTURE_AUTORELEASING = YES;
				CLANG_WARN_BOOL_CONVERSION = YES;
				CLANG_WARN_COMMA = YES;
				CLANG_WARN_CONSTANT_CONVERSION = YES;
				CLANG_WARN_DEPRECATED_OBJC_IMPLEMENTATIONS = YES;
				CLANG_WARN_DIRECT_OBJC_ISA_USAGE = YES_ERROR;
				CLANG_WARN_DOCUMENTATION_COMMENTS = YES;
				CLANG_WARN_EMPTY_BODY = YES;
				CLANG_WARN_ENUM_CONVERSION = YES;
				CLANG_WARN_INFINITE_RECURSION = YES;
				CLANG_WARN_INT_CONVERSION = YES;
				CLANG_WARN_NON_LITERAL_NULL_CONVERSION = YES;
				CLANG_WARN_OBJC_IMPLICIT_RETAIN_SELF = YES;
				CLANG_WARN_OBJC_LITERAL_CONVERSION = YES;
				CLANG_WARN_OBJC_ROOT_CLASS = YES_ERROR;
				CLANG_WARN_QUOTED_INCLUDE_IN_FRAMEWORK_HEADER = YES;
				CLANG_WARN_RANGE_LOOP_ANALYSIS = YES;
				CLANG_WARN_STRICT_PROTOTYPES = YES;
				CLANG_WARN_SUSPICIOUS_MOVE = YES;
				CLANG_WARN_UNGUARDED_AVAILABILITY = YES_AGGRESSIVE;
				CLANG_WARN_UNREACHABLE_CODE = YES;
				CLANG_WARN__DUPLICATE_METHOD_MATCH = YES;
				COPY_PHASE_STRIP = NO;
				DEBUG_INFORMATION_FORMAT = "dwarf-with-dsym";
				ENABLE_NS_ASSERTIONS = NO;
				ENABLE_STRICT_OBJC_MSGSEND = YES;
				GCC_C_LANGUAGE_STANDARD = gnu11;
				GCC_NO_COMMON_BLOCKS = YES;
				GCC_WARN_64_TO_32_BIT_CONVERSION = YES;
				GCC_WARN_ABOUT_RETURN_TYPE = YES_ERROR;
				GCC_WARN_UNDECLARED_SELECTOR = YES;
				GCC_WARN_UNINITIALIZED_AUTOS = YES_AGGRESSIVE;
				GCC_WARN_UNUSED_FUNCTION = YES;
				GCC_WARN_UNUSED_VARIABLE = YES;
				IPHONEOS_DEPLOYMENT_TARGET = 14.5;
				MTL_ENABLE_DEBUG_INFO = NO;
				MTL_FAST_MATH = YES;
				SDKROOT = iphoneos;
				SWIFT_COMPILATION_MODE = wholemodule;
				SWIFT_OPTIMIZATION_LEVEL = "-O";
				VALIDATE_PRODUCT = YES;
			};
			name = Release;
		};
		DED70BD026B0659A005749F1 /* Debug */ = {
			isa = XCBuildConfiguration;
			baseConfigurationReference = 7A2EB34E4B859134EF8D8B75 /* Pods-StockTutorial.debug.xcconfig */;
			buildSettings = {
				ASSETCATALOG_COMPILER_APPICON_NAME = AppIcon;
				ASSETCATALOG_COMPILER_GLOBAL_ACCENT_COLOR_NAME = AccentColor;
				CODE_SIGN_STYLE = Automatic;
				DEVELOPMENT_TEAM = AN529668XK;
				INFOPLIST_FILE = StockTutorial/Info.plist;
				LD_RUNPATH_SEARCH_PATHS = (
					"$(inherited)",
					"@executable_path/Frameworks",
				);
				PRODUCT_BUNDLE_IDENTIFIER = com.csh.StockTutorial;
				PRODUCT_NAME = "$(TARGET_NAME)";
				SWIFT_VERSION = 5.0;
				TARGETED_DEVICE_FAMILY = "1,2";
			};
			name = Debug;
		};
		DED70BD126B0659A005749F1 /* Release */ = {
			isa = XCBuildConfiguration;
			baseConfigurationReference = 689B70F496DA39B26F7120B8 /* Pods-StockTutorial.release.xcconfig */;
			buildSettings = {
				ASSETCATALOG_COMPILER_APPICON_NAME = AppIcon;
				ASSETCATALOG_COMPILER_GLOBAL_ACCENT_COLOR_NAME = AccentColor;
				CODE_SIGN_STYLE = Automatic;
				DEVELOPMENT_TEAM = AN529668XK;
				INFOPLIST_FILE = StockTutorial/Info.plist;
				LD_RUNPATH_SEARCH_PATHS = (
					"$(inherited)",
					"@executable_path/Frameworks",
				);
				PRODUCT_BUNDLE_IDENTIFIER = com.csh.StockTutorial;
				PRODUCT_NAME = "$(TARGET_NAME)";
				SWIFT_VERSION = 5.0;
				TARGETED_DEVICE_FAMILY = "1,2";
			};
			name = Release;
		};
/* End XCBuildConfiguration section */

/* Begin XCConfigurationList section */
		DED70BB626B06595005749F1 /* Build configuration list for PBXProject "StockTutorial" */ = {
			isa = XCConfigurationList;
			buildConfigurations = (
				DED70BCD26B0659A005749F1 /* Debug */,
				DED70BCE26B0659A005749F1 /* Release */,
			);
			defaultConfigurationIsVisible = 0;
			defaultConfigurationName = Release;
		};
		DED70BCF26B0659A005749F1 /* Build configuration list for PBXNativeTarget "StockTutorial" */ = {
			isa = XCConfigurationList;
			buildConfigurations = (
				DED70BD026B0659A005749F1 /* Debug */,
				DED70BD126B0659A005749F1 /* Release */,
			);
			defaultConfigurationIsVisible = 0;
			defaultConfigurationName = Release;
		};
/* End XCConfigurationList section */
	};
	rootObject = DED70BB326B06595005749F1 /* Project object */;
}
